<?xml version="1.0" encoding="UTF-8"?>
<Scheme
   version = "1.3">
   <BuildAction>
      <BuildActionEntries>
         <BuildActionEntry
            buildForRunning = "YES">
            <BuildableReference
               BuildableIdentifier = "primary"
               BlueprintIdentifier = "31DD046F626199F1821BC8E3"
               BuildableName = "OpenGLLighting"
               BlueprintName = "OpenGLLighting"
               ReferencedContainer = "container:OpenGLLighting.xcodeproj">
            </BuildableReference>
         </BuildActionEntry>
      </BuildActionEntries>
   </BuildAction>
   <LaunchAction
      useCustomWorkingDirectory = "NO"
      buildConfiguration = "Debug">
      <BuildableProductRunnable>
         <BuildableReference
            BuildableIdentifier = "primary"
            BlueprintIdentifier = "31DD046F626199F1821BC8E3"
            BuildableName = "OpenGLLighting"
            BlueprintName = "OpenGLLighting"
            ReferencedContainer = "container:OpenGLLighting.xcodeproj">
         </BuildableReference>
      </BuildableProductRunnable>
   </LaunchAction>
</Scheme>
